
Microsoft Visual Studio Solution File, Format Version 12.00
# Visual Studio Version 17
VisualStudioVersion = 17.2.32516.85
MinimumVisualStudioVersion = 10.0.40219.1
Project("{FAE04EC0-301F-11D3-BF4B-00C04F79EFBC}") = "GitApplication1", "GitApplication1\GitApplication1.csproj", "{4D1023DA-60E3-4B54-B3EA-89B72A48238F}"
EndProject
Global
	GlobalSection(SolutionConfigurationPlatforms) = preSolution
		Debug|Any CPU = Debug|Any CPU
		Release|Any CPU = Release|Any CPU
	EndGlobalSection
	GlobalSection(ProjectConfigurationPlatforms) = postSolution
		{4D1023DA-60E3-4B54-B3EA-89B72A48238F}.Debug|Any CPU.ActiveCfg = Debug|Any CPU
		{4D1023DA-60E3-4B54-B3EA-89B72A48238F}.Debug|Any CPU.Build.0 = Debug|Any CPU
		{4D1023DA-60E3-4B54-B3EA-89B72A48238F}.Release|Any CPU.ActiveCfg = Release|Any CPU
		{4D1023DA-60E3-4B54-B3EA-89B72A48238F}.Release|Any CPU.Build.0 = Release|Any CPU
	EndGlobalSection
	GlobalSection(SolutionProperties) = preSolution
		HideSolutionNode = FALSE
	EndGlobalSection
	GlobalSection(ExtensibilityGlobals) = postSolution
		SolutionGuid = {649D17B0-47E6-4F87-9316-C64C80F4C754}
	EndGlobalSection
EndGlobal
